#MicroXplorer Configuration settings - do not modify
Mcu.Family=STM32F4
Dma.SPI2_RX.0.Instance=DMA1_Stream3
ProjectManager.MainLocation=Core/Src
VP_TIM5_VS_ClockSourceINT.Mode=Internal
PH0-OSC_IN.Signal=RCC_OSC_IN
USART2.IPParameters=VirtualMode
Dma.SPI2_RX.0.RequestParameters=Instance,Direction,PeriphInc,MemInc,PeriphDataAlignment,MemDataAlignment,Mode,Priority,FIFOMode
RCC.CortexFreq_Value=180000000
ProjectManager.KeepUserCode=true
Mcu.UserName=STM32F446RETx
PB10.Mode=Half_Duplex_Master
VP_TIM5_VS_ClockSourceINT.Signal=TIM5_VS_ClockSourceINT
Dma.USART2_TX.1.MemInc=DMA_MINC_ENABLE
RCC.PLLCLKFreq_Value=180000000
RCC.PLLQCLKFreq_Value=180000000
ProjectManager.functionlistsort=1-MX_GPIO_Init-GPIO-false-HAL-true,2-MX_DMA_Init-DMA-false-HAL-true,3-SystemClock_Config-RCC-false-HAL-false,4-MX_I2S2_Init-I2S2-false-HAL-true,5-MX_USART2_UART_Init-USART2-false-HAL-true,6-MX_TIM2_Init-TIM2-false-HAL-true,7-MX_TIM5_Init-TIM5-false-HAL-true
SH.S_TIM5_CH2.0=TIM5_CH2,PWM Generation2 CH2
RCC.PLLI2SRCLKFreq_Value=192000000
PC1.Locked=true
RCC.SAIAFreq_Value=48000000
Dma.USART2_TX.1.RequestParameters=Instance,Direction,PeriphInc,MemInc,PeriphDataAlignment,MemDataAlignment,Mode,Priority,FIFOMode
PinOutPanel.RotationAngle=0
PB3.GPIO_Speed=GPIO_SPEED_FREQ_MEDIUM
RCC.SYSCLKSource=RCC_SYSCLKSOURCE_PLLCLK
ProjectManager.StackSize=0x400
PB5.GPIOParameters=GPIO_Speed,GPIO_Label
Mcu.IP4=SYS
RCC.FCLKCortexFreq_Value=180000000
Mcu.IP5=TIM2
Mcu.IP2=NVIC
NVIC.SVCall_IRQn=true\:0\:0\:false\:false\:true\:false\:false
Mcu.IP3=RCC
Mcu.IP0=DMA
Mcu.IP1=I2S2
Mcu.UserConstants=
NVIC.TIM5_IRQn=true\:0\:0\:false\:false\:true\:true\:true
Mcu.ThirdPartyNb=0
RCC.SDIOFreq_Value=180000000
RCC.HCLKFreq_Value=180000000
Mcu.IPNb=8
TIM2.IPParameters=Channel-PWM Generation1 CH1,Prescaler,Period
ProjectManager.PreviousToolchain=
RCC.APB2TimFreq_Value=180000000
RCC.SPDIFRXFreq_Value=180000000
Dma.USART2_TX.1.Mode=DMA_CIRCULAR
PA8.GPIOParameters=GPIO_Label
Mcu.Pin6=PA1
Mcu.Pin7=PA2
VP_TIM2_VS_ClockSourceINT.Signal=TIM2_VS_ClockSourceINT
Mcu.Pin8=PA3
Mcu.Pin9=PB10
RCC.VCOSAIOutputFreq_Value=96000000
RCC.AHBFreq_Value=180000000
PH0-OSC_IN.Mode=HSE-External-Oscillator
Mcu.Pin0=PC14-OSC32_IN
Mcu.Pin1=PC15-OSC32_OUT
GPIO.groupedBy=Group By Peripherals
Mcu.Pin2=PH0-OSC_IN
Mcu.Pin3=PH1-OSC_OUT
Mcu.Pin4=PC1
Mcu.Pin5=PA0-WKUP
ProjectManager.ProjectBuild=false
RCC.HSE_VALUE=8000000
NVIC.UsageFault_IRQn=true\:0\:0\:false\:false\:true\:false\:false
NVIC.DebugMonitor_IRQn=true\:0\:0\:false\:false\:true\:false\:false
PA8.Locked=true
NVIC.SysTick_IRQn=true\:0\:0\:false\:false\:true\:false\:true
ProjectManager.FirmwarePackage=STM32Cube FW_F4 V1.26.1
MxDb.Version=DB.6.0.20
ProjectManager.BackupPrevious=false
PC14-OSC32_IN.Mode=LSE-External-Oscillator
RCC.VCOInputFreq_Value=2000000
PA14.Mode=Serial_Wire
Dma.USART2_TX.1.Instance=DMA1_Stream6
NVIC.TIM2_IRQn=true\:0\:0\:false\:false\:true\:true\:true
File.Version=6
PA10.GPIO_Label=Go
PB3.GPIOParameters=GPIO_Speed,GPIO_Label
Dma.SPI2_RX.0.MemDataAlignment=DMA_MDATAALIGN_HALFWORD
I2S2.IPParameters=Instance,VirtualMode,FullDuplexMode,RealAudioFreq,ErrorAudioFreq,Mode,DataFormat,AudioFreq
PA8.Signal=GPIO_Output
RCC.PLLRCLKFreq_Value=180000000
TIM2.Channel-PWM\ Generation1\ CH1=TIM_CHANNEL_1
NVIC.PendSV_IRQn=true\:0\:0\:false\:false\:true\:false\:false
I2S2.DataFormat=I2S_DATAFORMAT_32B
SH.S_TIM5_CH2.ConfNb=1
Dma.RequestsNb=2
RCC.PLLI2SoutputFreq_Value=192000000
ProjectManager.HalAssertFull=false
Dma.SPI2_RX.0.MemInc=DMA_MINC_ENABLE
ProjectManager.ProjectName=WheelChair_KSML
PH1-OSC_OUT.Mode=HSE-External-Oscillator
RCC.MCO2PinFreq_Value=180000000
Mcu.Package=LQFP64
TIM2.Prescaler=900
PB12.Mode=Half_Duplex_Master
RCC.I2S2Freq_Value=192000000
USART2.VirtualMode=VM_ASYNC
PA14.Locked=true
ProjectManager.ToolChainLocation=
I2S2.Mode=I2S_MODE_MASTER_RX
VP_SYS_VS_Systick.Signal=SYS_VS_Systick
PA10.Signal=GPIO_Output
PA10.GPIO_Speed=GPIO_SPEED_FREQ_MEDIUM
PB5.GPIO_Speed=GPIO_SPEED_FREQ_MEDIUM
RCC.APB2CLKDivider=RCC_HCLK_DIV2
PB5.GPIO_Label=Right
RCC.CECFreq_Value=32786.88524590164
Dma.Request1=USART2_TX
RCC.APB1TimFreq_Value=45000000
NVIC.BusFault_IRQn=true\:0\:0\:false\:false\:true\:false\:false
Dma.SPI2_RX.0.Direction=DMA_PERIPH_TO_MEMORY
RCC.SAIBFreq_Value=48000000
NVIC.DMA1_Stream6_IRQn=true\:0\:0\:false\:false\:true\:false\:true
Dma.Request0=SPI2_RX
ProjectManager.CustomerFirmwarePackage=
RCC.PLLSAIQCLKFreq_Value=48000000
PB3.Locked=true
PA3.Signal=USART2_RX
PA2.Locked=true
PB3.GPIO_Label=Left
RCC.PLLSourceVirtual=RCC_PLLSOURCE_HSE
PC15-OSC32_OUT.Mode=LSE-External-Oscillator
I2S2.AudioFreq=I2S_AUDIOFREQ_8K
Dma.USART2_TX.1.Priority=DMA_PRIORITY_LOW
ProjectManager.ProjectFileName=WheelChair_KSML.ioc
I2S2.Instance=SPI$Index
TIM5.IPParameters=Channel-PWM Generation2 CH2,Prescaler,Period
Mcu.PinsNb=20
Dma.USART2_TX.1.FIFOMode=DMA_FIFOMODE_DISABLE
ProjectManager.NoMain=false
Dma.SPI2_RX.0.Mode=DMA_CIRCULAR
RCC.FMPI2C1Freq_Value=22500000
RCC.VCOI2SInputFreq_Value=2000000
ProjectManager.DefaultFWLocation=true
PB12.Locked=true
ProjectManager.DeletePrevious=true
RCC.APB1CLKDivider=RCC_HCLK_DIV8
PC14-OSC32_IN.Signal=RCC_OSC32_IN
PB10.Locked=true
Dma.USART2_TX.1.PeriphDataAlignment=DMA_PDATAALIGN_HALFWORD
SH.S_TIM2_CH1_ETR.ConfNb=1
RCC.FamilyName=M
PA0-WKUP.Signal=S_TIM2_CH1_ETR
PA0-WKUP.Locked=true
PA13.Signal=SYS_JTMS-SWDIO
PA3.Mode=Asynchronous
PA8.GPIO_Label=Stop
Dma.SPI2_RX.0.PeriphDataAlignment=DMA_PDATAALIGN_HALFWORD
ProjectManager.TargetToolchain=STM32CubeIDE
I2S2.VirtualMode=I2S_MODE_MASTER
RCC.I2S1Freq_Value=192000000
PB5.Locked=true
ProjectManager.RegisterCallBack=
RCC.USBFreq_Value=180000000
RCC.PLLSAIoutputFreq_Value=48000000
PC15-OSC32_OUT.Signal=RCC_OSC32_OUT
PA1.Signal=S_TIM5_CH2
PB10.Signal=I2S2_CK
RCC.VCOI2SOutputFreq_Value=384000000
Dma.USART2_TX.1.PeriphInc=DMA_PINC_DISABLE
RCC.PLLSAIPCLKFreq_Value=48000000
board=custom
RCC.VCOOutputFreq_Value=360000000
ProjectManager.LastFirmware=true
Dma.USART2_TX.1.Direction=DMA_MEMORY_TO_PERIPH
RCC.APB2Freq_Value=90000000
MxCube.Version=6.2.0
VP_TIM2_VS_ClockSourceINT.Mode=Internal
RCC.PLLI2SPCLKFreq_Value=192000000
PA10.GPIOParameters=GPIO_Speed,GPIO_Label
VP_SYS_VS_Systick.Mode=SysTick
PH1-OSC_OUT.Signal=RCC_OSC_OUT
NVIC.NonMaskableInt_IRQn=true\:0\:0\:false\:false\:true\:false\:false
Dma.SPI2_RX.0.FIFOMode=DMA_FIFOMODE_DISABLE
TIM2.Period=1000
PA13.Mode=Serial_Wire
Dma.SPI2_RX.0.Priority=DMA_PRIORITY_LOW
ProjectManager.FreePins=false
RCC.IPParameters=AHBFreq_Value,APB1CLKDivider,APB1Freq_Value,APB1TimFreq_Value,APB2CLKDivider,APB2Freq_Value,APB2TimFreq_Value,CECFreq_Value,CortexFreq_Value,FCLKCortexFreq_Value,FMPI2C1Freq_Value,FamilyName,HCLKFreq_Value,HSE_VALUE,I2S1Freq_Value,I2S2Freq_Value,MCO2PinFreq_Value,PLLCLKFreq_Value,PLLI2SM,PLLI2SPCLKFreq_Value,PLLI2SQCLKFreq_Value,PLLI2SRCLKFreq_Value,PLLI2SoutputFreq_Value,PLLM,PLLN,PLLQCLKFreq_Value,PLLRCLKFreq_Value,PLLSAIPCLKFreq_Value,PLLSAIQCLKFreq_Value,PLLSAIoutputFreq_Value,PLLSourceVirtual,PWRFreq_Value,SAIAFreq_Value,SAIBFreq_Value,SDIOFreq_Value,SPDIFRXFreq_Value,SYSCLKFreq_VALUE,SYSCLKSource,USBFreq_Value,VCOI2SInputFreq_Value,VCOI2SOutputFreq_Value,VCOInputFreq_Value,VCOOutputFreq_Value,VCOSAIInputFreq_Value,VCOSAIOutputFreq_Value
ProjectManager.AskForMigrate=true
Mcu.Name=STM32F446R(C-E)Tx
RCC.PLLI2SQCLKFreq_Value=192000000
PA2.Signal=USART2_TX
ProjectManager.UnderRoot=true
I2S2.FullDuplexMode=I2S_FULLDUPLEXMODE_DISABLE
Mcu.IP6=TIM5
RCC.VCOSAIInputFreq_Value=500000
Mcu.IP7=USART2
ProjectManager.CoupleFile=false
PB3.Signal=GPIO_Output
TIM5.Channel-PWM\ Generation2\ CH2=TIM_CHANNEL_2
RCC.SYSCLKFreq_VALUE=180000000
PB5.Signal=GPIO_Output
PA1.Locked=true
PA3.Locked=true
PA10.Locked=true
I2S2.ErrorAudioFreq=0.0 %
NVIC.ForceEnableDMAVector=true
KeepUserPlacement=false
TIM5.Prescaler=900
Dma.SPI2_RX.0.PeriphInc=DMA_PINC_DISABLE
NVIC.MemoryManagement_IRQn=true\:0\:0\:false\:false\:true\:false\:false
PA13.Locked=true
ProjectManager.CompilerOptimize=6
SH.S_TIM2_CH1_ETR.0=TIM2_CH1,PWM Generation1 CH1
PA14.Signal=SYS_JTCK-SWCLK
ProjectManager.HeapSize=0x200
Mcu.Pin15=PB3
NVIC.HardFault_IRQn=true\:0\:0\:false\:false\:true\:false\:false
Mcu.Pin16=PB5
Mcu.Pin13=PA13
Mcu.Pin14=PA14
Mcu.Pin19=VP_TIM5_VS_ClockSourceINT
ProjectManager.ComputerToolchain=false
Mcu.Pin17=VP_SYS_VS_Systick
Mcu.Pin18=VP_TIM2_VS_ClockSourceINT
NVIC.PriorityGroup=NVIC_PRIORITYGROUP_4
Mcu.Pin11=PA8
Mcu.Pin12=PA10
RCC.PLLM=4
RCC.PLLN=180
Mcu.Pin10=PB12
PA2.Mode=Asynchronous
RCC.PWRFreq_Value=180000000
NVIC.DMA1_Stream3_IRQn=true\:0\:0\:false\:false\:true\:false\:true
TIM5.Period=1000
Dma.USART2_TX.1.MemDataAlignment=DMA_MDATAALIGN_HALFWORD
RCC.APB1Freq_Value=22500000
I2S2.RealAudioFreq=8.0 KHz
ProjectManager.DeviceId=STM32F446RETx
PC1.Signal=I2S2_SD
PB12.Signal=I2S2_WS
ProjectManager.LibraryCopy=2
PC1.Mode=Half_Duplex_Master
RCC.PLLI2SM=4
isbadioc=false
